
Microsoft Visual Studio Solution File, Format Version 11.00
# Visual Studio 2010
Project("{FAE04EC0-301F-11D3-BF4B-00C04F79EFBC}") = "AxedaAgent", "AxedaAgent\AxedaAgent.csproj", "{9517AD14-0BC7-45A5-BAD9-573198C0F554}"
EndProject
Global
	GlobalSection(SolutionConfigurationPlatforms) = preSolution
		Debug|Any CPU = Debug|Any CPU
		Release|Any CPU = Release|Any CPU
	EndGlobalSection
	GlobalSection(ProjectConfigurationPlatforms) = postSolution
		{9517AD14-0BC7-45A5-BAD9-573198C0F554}.Debug|Any CPU.ActiveCfg = Debug|Any CPU
		{9517AD14-0BC7-45A5-BAD9-573198C0F554}.Debug|Any CPU.Build.0 = Debug|Any CPU
		{9517AD14-0BC7-45A5-BAD9-573198C0F554}.Release|Any CPU.ActiveCfg = Release|Any CPU
		{9517AD14-0BC7-45A5-BAD9-573198C0F554}.Release|Any CPU.Build.0 = Release|Any CPU
	EndGlobalSection
	GlobalSection(SolutionProperties) = preSolution
		HideSolutionNode = FALSE
	EndGlobalSection
EndGlobal
